
Microsoft Visual Studio Solution File, Format Version 12.00
# Visual Studio 15
VisualStudioVersion = 15.0.27703.2035
MinimumVisualStudioVersion = 10.0.40219.1
Project("{FAE04EC0-301F-11D3-BF4B-00C04F79EFBC}") = "acme", "acme\acme.csproj", "{770C151E-0C1A-4B73-880A-29A7E9C05CFB}"
EndProject
Global
	GlobalSection(SolutionConfigurationPlatforms) = preSolution
		Debug|Any CPU = Debug|Any CPU
		Release|Any CPU = Release|Any CPU
	EndGlobalSection
	GlobalSection(ProjectConfigurationPlatforms) = postSolution
		{770C151E-0C1A-4B73-880A-29A7E9C05CFB}.Debug|Any CPU.ActiveCfg = Debug|Any CPU
		{770C151E-0C1A-4B73-880A-29A7E9C05CFB}.Debug|Any CPU.Build.0 = Debug|Any CPU
		{770C151E-0C1A-4B73-880A-29A7E9C05CFB}.Release|Any CPU.ActiveCfg = Release|Any CPU
		{770C151E-0C1A-4B73-880A-29A7E9C05CFB}.Release|Any CPU.Build.0 = Release|Any CPU
	EndGlobalSection
	GlobalSection(SolutionProperties) = preSolution
		HideSolutionNode = FALSE
	EndGlobalSection
	GlobalSection(ExtensibilityGlobals) = postSolution
		SolutionGuid = {3C66A902-D63B-4406-9E6A-B640AE59C9D6}
	EndGlobalSection
EndGlobal
