
Microsoft Visual Studio Solution File, Format Version 12.00
# Visual Studio 15
VisualStudioVersion = 15.0.27703.2035
MinimumVisualStudioVersion = 10.0.40219.1
Project("{FAE04EC0-301F-11D3-BF4B-00C04F79EFBC}") = "CsharpEx66", "CsharpEx66\CsharpEx66.csproj", "{C16F7930-4E86-4DDD-AC8C-E1BC85E63A69}"
EndProject
Global
	GlobalSection(SolutionConfigurationPlatforms) = preSolution
		Debug|Any CPU = Debug|Any CPU
		Release|Any CPU = Release|Any CPU
	EndGlobalSection
	GlobalSection(ProjectConfigurationPlatforms) = postSolution
		{C16F7930-4E86-4DDD-AC8C-E1BC85E63A69}.Debug|Any CPU.ActiveCfg = Debug|Any CPU
		{C16F7930-4E86-4DDD-AC8C-E1BC85E63A69}.Debug|Any CPU.Build.0 = Debug|Any CPU
		{C16F7930-4E86-4DDD-AC8C-E1BC85E63A69}.Release|Any CPU.ActiveCfg = Release|Any CPU
		{C16F7930-4E86-4DDD-AC8C-E1BC85E63A69}.Release|Any CPU.Build.0 = Release|Any CPU
	EndGlobalSection
	GlobalSection(SolutionProperties) = preSolution
		HideSolutionNode = FALSE
	EndGlobalSection
	GlobalSection(ExtensibilityGlobals) = postSolution
		SolutionGuid = {AD075C88-783D-4D4B-A0E5-67761105B545}
	EndGlobalSection
EndGlobal
