
Microsoft Visual Studio Solution File, Format Version 12.00
# Visual Studio 15
VisualStudioVersion = 15.0.27703.2035
MinimumVisualStudioVersion = 10.0.40219.1
Project("{FAE04EC0-301F-11D3-BF4B-00C04F79EFBC}") = "FinalExercise", "FinalExercise\FinalExercise.csproj", "{8B4E9F9D-7224-4045-AE03-9E5D1C31DDC5}"
EndProject
Global
	GlobalSection(SolutionConfigurationPlatforms) = preSolution
		Debug|Any CPU = Debug|Any CPU
		Release|Any CPU = Release|Any CPU
	EndGlobalSection
	GlobalSection(ProjectConfigurationPlatforms) = postSolution
		{8B4E9F9D-7224-4045-AE03-9E5D1C31DDC5}.Debug|Any CPU.ActiveCfg = Debug|Any CPU
		{8B4E9F9D-7224-4045-AE03-9E5D1C31DDC5}.Debug|Any CPU.Build.0 = Debug|Any CPU
		{8B4E9F9D-7224-4045-AE03-9E5D1C31DDC5}.Release|Any CPU.ActiveCfg = Release|Any CPU
		{8B4E9F9D-7224-4045-AE03-9E5D1C31DDC5}.Release|Any CPU.Build.0 = Release|Any CPU
	EndGlobalSection
	GlobalSection(SolutionProperties) = preSolution
		HideSolutionNode = FALSE
	EndGlobalSection
	GlobalSection(ExtensibilityGlobals) = postSolution
		SolutionGuid = {86D491D9-3D99-4729-9D50-5F0605D90785}
	EndGlobalSection
EndGlobal
