
Microsoft Visual Studio Solution File, Format Version 12.00
# Visual Studio 15
VisualStudioVersion = 15.0.27703.2035
MinimumVisualStudioVersion = 10.0.40219.1
Project("{FAE04EC0-301F-11D3-BF4B-00C04F79EFBC}") = "FinalExerciseNum1", "FinalExerciseNum1\FinalExerciseNum1.csproj", "{3A0FD256-929F-458C-902F-6D7BCEA3AEE8}"
EndProject
Global
	GlobalSection(SolutionConfigurationPlatforms) = preSolution
		Debug|Any CPU = Debug|Any CPU
		Release|Any CPU = Release|Any CPU
	EndGlobalSection
	GlobalSection(ProjectConfigurationPlatforms) = postSolution
		{3A0FD256-929F-458C-902F-6D7BCEA3AEE8}.Debug|Any CPU.ActiveCfg = Debug|Any CPU
		{3A0FD256-929F-458C-902F-6D7BCEA3AEE8}.Debug|Any CPU.Build.0 = Debug|Any CPU
		{3A0FD256-929F-458C-902F-6D7BCEA3AEE8}.Release|Any CPU.ActiveCfg = Release|Any CPU
		{3A0FD256-929F-458C-902F-6D7BCEA3AEE8}.Release|Any CPU.Build.0 = Release|Any CPU
	EndGlobalSection
	GlobalSection(SolutionProperties) = preSolution
		HideSolutionNode = FALSE
	EndGlobalSection
	GlobalSection(ExtensibilityGlobals) = postSolution
		SolutionGuid = {E927E1FB-4FB5-4635-B815-8538001B6CC2}
	EndGlobalSection
EndGlobal
