
Microsoft Visual Studio Solution File, Format Version 12.00
# Visual Studio 15
VisualStudioVersion = 15.0.27703.2035
MinimumVisualStudioVersion = 10.0.40219.1
Project("{FAE04EC0-301F-11D3-BF4B-00C04F79EFBC}") = "enum", "enum\enum.csproj", "{C6B0F69C-0CC5-45A9-9207-EE39F15163CB}"
EndProject
Global
	GlobalSection(SolutionConfigurationPlatforms) = preSolution
		Debug|Any CPU = Debug|Any CPU
		Release|Any CPU = Release|Any CPU
	EndGlobalSection
	GlobalSection(ProjectConfigurationPlatforms) = postSolution
		{C6B0F69C-0CC5-45A9-9207-EE39F15163CB}.Debug|Any CPU.ActiveCfg = Debug|Any CPU
		{C6B0F69C-0CC5-45A9-9207-EE39F15163CB}.Debug|Any CPU.Build.0 = Debug|Any CPU
		{C6B0F69C-0CC5-45A9-9207-EE39F15163CB}.Release|Any CPU.ActiveCfg = Release|Any CPU
		{C6B0F69C-0CC5-45A9-9207-EE39F15163CB}.Release|Any CPU.Build.0 = Release|Any CPU
	EndGlobalSection
	GlobalSection(SolutionProperties) = preSolution
		HideSolutionNode = FALSE
	EndGlobalSection
	GlobalSection(ExtensibilityGlobals) = postSolution
		SolutionGuid = {FC58448D-CC31-416A-97DE-098B09DA503C}
	EndGlobalSection
EndGlobal
