
Microsoft Visual Studio Solution File, Format Version 12.00
# Visual Studio 15
VisualStudioVersion = 15.0.27703.2035
MinimumVisualStudioVersion = 10.0.40219.1
Project("{FAE04EC0-301F-11D3-BF4B-00C04F79EFBC}") = "exceptionExercise", "exceptionExercise\exceptionExercise.csproj", "{B60668C2-8A80-47FF-AF12-F3905AAC1E99}"
EndProject
Global
	GlobalSection(SolutionConfigurationPlatforms) = preSolution
		Debug|Any CPU = Debug|Any CPU
		Release|Any CPU = Release|Any CPU
	EndGlobalSection
	GlobalSection(ProjectConfigurationPlatforms) = postSolution
		{B60668C2-8A80-47FF-AF12-F3905AAC1E99}.Debug|Any CPU.ActiveCfg = Debug|Any CPU
		{B60668C2-8A80-47FF-AF12-F3905AAC1E99}.Debug|Any CPU.Build.0 = Debug|Any CPU
		{B60668C2-8A80-47FF-AF12-F3905AAC1E99}.Release|Any CPU.ActiveCfg = Release|Any CPU
		{B60668C2-8A80-47FF-AF12-F3905AAC1E99}.Release|Any CPU.Build.0 = Release|Any CPU
	EndGlobalSection
	GlobalSection(SolutionProperties) = preSolution
		HideSolutionNode = FALSE
	EndGlobalSection
	GlobalSection(ExtensibilityGlobals) = postSolution
		SolutionGuid = {6A5B8ED2-053D-4960-B71E-6D949E85E4EA}
	EndGlobalSection
EndGlobal
