
Microsoft Visual Studio Solution File, Format Version 12.00
# Visual Studio 15
VisualStudioVersion = 15.0.27703.2035
MinimumVisualStudioVersion = 10.0.40219.1
Project("{FAE04EC0-301F-11D3-BF4B-00C04F79EFBC}") = "TryParseEx", "TryParseEx\TryParseEx.csproj", "{BBCCF240-A0A2-41A0-A092-67DEE32D709A}"
EndProject
Global
	GlobalSection(SolutionConfigurationPlatforms) = preSolution
		Debug|Any CPU = Debug|Any CPU
		Release|Any CPU = Release|Any CPU
	EndGlobalSection
	GlobalSection(ProjectConfigurationPlatforms) = postSolution
		{BBCCF240-A0A2-41A0-A092-67DEE32D709A}.Debug|Any CPU.ActiveCfg = Debug|Any CPU
		{BBCCF240-A0A2-41A0-A092-67DEE32D709A}.Debug|Any CPU.Build.0 = Debug|Any CPU
		{BBCCF240-A0A2-41A0-A092-67DEE32D709A}.Release|Any CPU.ActiveCfg = Release|Any CPU
		{BBCCF240-A0A2-41A0-A092-67DEE32D709A}.Release|Any CPU.Build.0 = Release|Any CPU
	EndGlobalSection
	GlobalSection(SolutionProperties) = preSolution
		HideSolutionNode = FALSE
	EndGlobalSection
	GlobalSection(ExtensibilityGlobals) = postSolution
		SolutionGuid = {4C16051B-8CDA-49C9-83C2-E0CBE821DFEB}
	EndGlobalSection
EndGlobal
