
Microsoft Visual Studio Solution File, Format Version 12.00
# Visual Studio 15
VisualStudioVersion = 15.0.27703.2018
MinimumVisualStudioVersion = 10.0.40219.1
Project("{FAE04EC0-301F-11D3-BF4B-00C04F79EFBC}") = "building exercise", "building exercise\building exercise.csproj", "{8AA8A73A-BA78-4931-9832-381A8A1F7AFA}"
EndProject
Global
	GlobalSection(SolutionConfigurationPlatforms) = preSolution
		Debug|Any CPU = Debug|Any CPU
		Release|Any CPU = Release|Any CPU
	EndGlobalSection
	GlobalSection(ProjectConfigurationPlatforms) = postSolution
		{8AA8A73A-BA78-4931-9832-381A8A1F7AFA}.Debug|Any CPU.ActiveCfg = Debug|Any CPU
		{8AA8A73A-BA78-4931-9832-381A8A1F7AFA}.Debug|Any CPU.Build.0 = Debug|Any CPU
		{8AA8A73A-BA78-4931-9832-381A8A1F7AFA}.Release|Any CPU.ActiveCfg = Release|Any CPU
		{8AA8A73A-BA78-4931-9832-381A8A1F7AFA}.Release|Any CPU.Build.0 = Release|Any CPU
	EndGlobalSection
	GlobalSection(SolutionProperties) = preSolution
		HideSolutionNode = FALSE
	EndGlobalSection
	GlobalSection(ExtensibilityGlobals) = postSolution
		SolutionGuid = {CF98D9CC-D4BF-4A47-824B-8DE5621DD11D}
	EndGlobalSection
EndGlobal
