
Microsoft Visual Studio Solution File, Format Version 12.00
# Visual Studio 15
VisualStudioVersion = 15.0.27703.2018
MinimumVisualStudioVersion = 10.0.40219.1
Project("{FAE04EC0-301F-11D3-BF4B-00C04F79EFBC}") = "boolcomparison", "boolcomparison\boolcomparison.csproj", "{2929F418-A5E5-439D-A2B4-BED47BD3A027}"
EndProject
Global
	GlobalSection(SolutionConfigurationPlatforms) = preSolution
		Debug|Any CPU = Debug|Any CPU
		Release|Any CPU = Release|Any CPU
	EndGlobalSection
	GlobalSection(ProjectConfigurationPlatforms) = postSolution
		{2929F418-A5E5-439D-A2B4-BED47BD3A027}.Debug|Any CPU.ActiveCfg = Debug|Any CPU
		{2929F418-A5E5-439D-A2B4-BED47BD3A027}.Debug|Any CPU.Build.0 = Debug|Any CPU
		{2929F418-A5E5-439D-A2B4-BED47BD3A027}.Release|Any CPU.ActiveCfg = Release|Any CPU
		{2929F418-A5E5-439D-A2B4-BED47BD3A027}.Release|Any CPU.Build.0 = Release|Any CPU
	EndGlobalSection
	GlobalSection(SolutionProperties) = preSolution
		HideSolutionNode = FALSE
	EndGlobalSection
	GlobalSection(ExtensibilityGlobals) = postSolution
		SolutionGuid = {D11A53C5-556A-4D6C-BF2C-D4AA0FE72E95}
	EndGlobalSection
EndGlobal
